
Microsoft Visual Studio Solution File, Format Version 12.00
# Visual Studio Version 16
VisualStudioVersion = 16.0.28803.452
MinimumVisualStudioVersion = 10.0.40219.1
Project("{9A19103F-16F7-4668-BE54-9A1E7A4F7556}") = "ASPAssignment", "ASPAssignment\ASPAssignment.csproj", "{90EB285B-7EF3-4FBD-A2B7-84DF350B7BEF}"
EndProject
Project("{FAE04EC0-301F-11D3-BF4B-00C04F79EFBC}") = "XUnitTestProject2", "XUnitTestProject2\XUnitTestProject2.csproj", "{95426334-A76D-4E61-B52F-157B686AA595}"
EndProject
Global
	GlobalSection(SolutionConfigurationPlatforms) = preSolution
		Debug|Any CPU = Debug|Any CPU
		Release|Any CPU = Release|Any CPU
	EndGlobalSection
	GlobalSection(ProjectConfigurationPlatforms) = postSolution
		{90EB285B-7EF3-4FBD-A2B7-84DF350B7BEF}.Debug|Any CPU.ActiveCfg = Debug|Any CPU
		{90EB285B-7EF3-4FBD-A2B7-84DF350B7BEF}.Debug|Any CPU.Build.0 = Debug|Any CPU
		{90EB285B-7EF3-4FBD-A2B7-84DF350B7BEF}.Release|Any CPU.ActiveCfg = Release|Any CPU
		{90EB285B-7EF3-4FBD-A2B7-84DF350B7BEF}.Release|Any CPU.Build.0 = Release|Any CPU
		{95426334-A76D-4E61-B52F-157B686AA595}.Debug|Any CPU.ActiveCfg = Debug|Any CPU
		{95426334-A76D-4E61-B52F-157B686AA595}.Debug|Any CPU.Build.0 = Debug|Any CPU
		{95426334-A76D-4E61-B52F-157B686AA595}.Release|Any CPU.ActiveCfg = Release|Any CPU
		{95426334-A76D-4E61-B52F-157B686AA595}.Release|Any CPU.Build.0 = Release|Any CPU
	EndGlobalSection
	GlobalSection(SolutionProperties) = preSolution
		HideSolutionNode = FALSE
	EndGlobalSection
	GlobalSection(ExtensibilityGlobals) = postSolution
		SolutionGuid = {CB259888-7F87-4F06-8339-046A79F56824}
	EndGlobalSection
EndGlobal
